
Microsoft Visual Studio Solution File, Format Version 12.00
# Visual Studio Version 16
VisualStudioVersion = 16.0.810.16
MinimumVisualStudioVersion = 10.0.40219.1
Project("{FAE04EC0-301F-11D3-BF4B-00C04F79EFBC}") = "ConsoleApp", "LoanPayoffAnalyzer\ConsoleApp.csproj", "{86174AFF-3E9F-4AF6-908E-9D8EFE0E5851}"
EndProject
Project("{FAE04EC0-301F-11D3-BF4B-00C04F79EFBC}") = "LoanPayoffAnalyzerLibrary", "LoanPayoffAnalyzerLibrary\LoanPayoffAnalyzerLibrary.csproj", "{A72B55F4-1C83-45B1-983D-5CD68BD86D28}"
EndProject
Global
	GlobalSection(SolutionConfigurationPlatforms) = preSolution
		Debug|Any CPU = Debug|Any CPU
		Release|Any CPU = Release|Any CPU
	EndGlobalSection
	GlobalSection(ProjectConfigurationPlatforms) = postSolution
		{86174AFF-3E9F-4AF6-908E-9D8EFE0E5851}.Debug|Any CPU.ActiveCfg = Debug|Any CPU
		{86174AFF-3E9F-4AF6-908E-9D8EFE0E5851}.Debug|Any CPU.Build.0 = Debug|Any CPU
		{86174AFF-3E9F-4AF6-908E-9D8EFE0E5851}.Release|Any CPU.ActiveCfg = Release|Any CPU
		{86174AFF-3E9F-4AF6-908E-9D8EFE0E5851}.Release|Any CPU.Build.0 = Release|Any CPU
		{A72B55F4-1C83-45B1-983D-5CD68BD86D28}.Debug|Any CPU.ActiveCfg = Debug|Any CPU
		{A72B55F4-1C83-45B1-983D-5CD68BD86D28}.Debug|Any CPU.Build.0 = Debug|Any CPU
		{A72B55F4-1C83-45B1-983D-5CD68BD86D28}.Release|Any CPU.ActiveCfg = Release|Any CPU
		{A72B55F4-1C83-45B1-983D-5CD68BD86D28}.Release|Any CPU.Build.0 = Release|Any CPU
	EndGlobalSection
	GlobalSection(SolutionProperties) = preSolution
		HideSolutionNode = FALSE
	EndGlobalSection
	GlobalSection(ExtensibilityGlobals) = postSolution
		SolutionGuid = {AA7C5028-1593-4C51-B666-0E89D960D42B}
	EndGlobalSection
EndGlobal
